# This file is automatically @generated by Poetry 1.8.3 and should not be changed by hand.

[[package]]
name = "asttokens"
version = "2.4.1"
description = "Annotate AST trees with source code positions"
optional = false
python-versions = "*"
files = [
    {file = "asttokens-2.4.1-py2.py3-none-any.whl", hash = "sha256:051ed49c3dcae8913ea7cd08e46a606dba30b79993209636c4875bc1d637bc24"},
    {file = "asttokens-2.4.1.tar.gz", hash = "sha256:b03869718ba9a6eb027e134bfdf69f38a236d681c83c160d510768af11254ba0"},
]

[package.dependencies]
six = ">=1.12.0"

[package.extras]
astroid = ["astroid (>=1,<2)", "astroid (>=2,<4)"]
test = ["astroid (>=1,<2)", "astroid (>=2,<4)", "pytest"]

[[package]]
name = "colorama"
version = "0.4.6"
description = "Cross-platform colored terminal text."
optional = false
python-versions = "!=3.0.*,!=3.1.*,!=3.2.*,!=3.3.*,!=3.4.*,!=3.5.*,!=3.6.*,>=2.7"
files = [
    {file = "colorama-0.4.6-py2.py3-none-any.whl", hash = "sha256:4f1d9991f5acc0ca119f9d443620b77f9d6b33703e51011c16baf57afb285fc6"},
    {file = "colorama-0.4.6.tar.gz", hash = "sha256:08695f5cb7ed6e0531a20572697297273c47b8cae5a63ffc6d6ed5c201be6e44"},
]

[[package]]
name = "decorator"
version = "5.1.1"
description = "Decorators for Humans"
optional = false
python-versions = ">=3.5"
files = [
    {file = "decorator-5.1.1-py3-none-any.whl", hash = "sha256:b8c3f85900b9dc423225913c5aace94729fe1fa9763b38939a95226f02d37186"},
    {file = "decorator-5.1.1.tar.gz", hash = "sha256:637996211036b6385ef91435e4fae22989472f9d571faba8927ba8253acbc330"},
]

[[package]]
name = "et-xmlfile"
version = "1.1.0"
description = "An implementation of lxml.xmlfile for the standard library"
optional = false
python-versions = ">=3.6"
files = [
    {file = "et_xmlfile-1.1.0-py3-none-any.whl", hash = "sha256:a2ba85d1d6a74ef63837eed693bcb89c3f752169b0e3e7ae5b16ca5e1b3deada"},
    {file = "et_xmlfile-1.1.0.tar.gz", hash = "sha256:8eb9e2bc2f8c97e37a2dc85a09ecdcdec9d8a396530a6d5a33b30b9a92da0c5c"},
]

[[package]]
name = "exceptiongroup"
version = "1.2.2"
description = "Backport of PEP 654 (exception groups)"
optional = false
python-versions = ">=3.7"
files = [
    {file = "exceptiongroup-1.2.2-py3-none-any.whl", hash = "sha256:3111b9d131c238bec2f8f516e123e14ba243563fb135d3fe885990585aa7795b"},
    {file = "exceptiongroup-1.2.2.tar.gz", hash = "sha256:47c2edf7c6738fafb49fd34290706d1a1a2f4d1c6df275526b62cbb4aa5393cc"},
]

[package.extras]
test = ["pytest (>=6)"]

[[package]]
name = "executing"
version = "2.1.0"
description = "Get the currently executing AST node of a frame, and other information"
optional = false
python-versions = ">=3.8"
files = [
    {file = "executing-2.1.0-py2.py3-none-any.whl", hash = "sha256:8d63781349375b5ebccc3142f4b30350c0cd9c79f921cde38be2be4637e98eaf"},
    {file = "executing-2.1.0.tar.gz", hash = "sha256:8ea27ddd260da8150fa5a708269c4a10e76161e2496ec3e587da9e3c0fe4b9ab"},
]

[package.extras]
tests = ["asttokens (>=2.1.0)", "coverage", "coverage-enable-subprocess", "ipython", "littleutils", "pytest", "rich"]

[[package]]
name = "ipdb"
version = "0.13.13"
description = "IPython-enabled pdb"
optional = false
python-versions = ">=2.7, !=3.0.*, !=3.1.*, !=3.2.*, !=3.3.*"
files = [
    {file = "ipdb-0.13.13-py3-none-any.whl", hash = "sha256:45529994741c4ab6d2388bfa5d7b725c2cf7fe9deffabdb8a6113aa5ed449ed4"},
    {file = "ipdb-0.13.13.tar.gz", hash = "sha256:e3ac6018ef05126d442af680aad863006ec19d02290561ac88b8b1c0b0cfc726"},
]

[package.dependencies]
decorator = {version = "*", markers = "python_version > \"3.6\""}
ipython = {version = ">=7.31.1", markers = "python_version > \"3.6\""}
tomli = {version = "*", markers = "python_version > \"3.6\" and python_version < \"3.11\""}

[[package]]
name = "ipython"
version = "8.27.0"
description = "IPython: Productive Interactive Computing"
optional = false
python-versions = ">=3.10"
files = [
    {file = "ipython-8.27.0-py3-none-any.whl", hash = "sha256:f68b3cb8bde357a5d7adc9598d57e22a45dfbea19eb6b98286fa3b288c9cd55c"},
    {file = "ipython-8.27.0.tar.gz", hash = "sha256:0b99a2dc9f15fd68692e898e5568725c6d49c527d36a9fb5960ffbdeaa82ff7e"},
]

[package.dependencies]
colorama = {version = "*", markers = "sys_platform == \"win32\""}
decorator = "*"
exceptiongroup = {version = "*", markers = "python_version < \"3.11\""}
jedi = ">=0.16"
matplotlib-inline = "*"
pexpect = {version = ">4.3", markers = "sys_platform != \"win32\" and sys_platform != \"emscripten\""}
prompt-toolkit = ">=3.0.41,<3.1.0"
pygments = ">=2.4.0"
stack-data = "*"
traitlets = ">=5.13.0"
typing-extensions = {version = ">=4.6", markers = "python_version < \"3.12\""}

[package.extras]
all = ["ipython[black,doc,kernel,matplotlib,nbconvert,nbformat,notebook,parallel,qtconsole]", "ipython[test,test-extra]"]
black = ["black"]
doc = ["docrepr", "exceptiongroup", "intersphinx-registry", "ipykernel", "ipython[test]", "matplotlib", "setuptools (>=18.5)", "sphinx (>=1.3)", "sphinx-rtd-theme", "sphinxcontrib-jquery", "tomli", "typing-extensions"]
kernel = ["ipykernel"]
matplotlib = ["matplotlib"]
nbconvert = ["nbconvert"]
nbformat = ["nbformat"]
notebook = ["ipywidgets", "notebook"]
parallel = ["ipyparallel"]
qtconsole = ["qtconsole"]
test = ["packaging", "pickleshare", "pytest", "pytest-asyncio (<0.22)", "testpath"]
test-extra = ["curio", "ipython[test]", "matplotlib (!=3.2.0)", "nbformat", "numpy (>=1.23)", "pandas", "trio"]

[[package]]
name = "jedi"
version = "0.19.1"
description = "An autocompletion tool for Python that can be used for text editors."
optional = false
python-versions = ">=3.6"
files = [
    {file = "jedi-0.19.1-py2.py3-none-any.whl", hash = "sha256:e983c654fe5c02867aef4cdfce5a2fbb4a50adc0af145f70504238f18ef5e7e0"},
    {file = "jedi-0.19.1.tar.gz", hash = "sha256:cf0496f3651bc65d7174ac1b7d043eff454892c708a87d1b683e57b569927ffd"},
]

[package.dependencies]
parso = ">=0.8.3,<0.9.0"

[package.extras]
docs = ["Jinja2 (==2.11.3)", "MarkupSafe (==1.1.1)", "Pygments (==2.8.1)", "alabaster (==0.7.12)", "babel (==2.9.1)", "chardet (==4.0.0)", "commonmark (==0.8.1)", "docutils (==0.17.1)", "future (==0.18.2)", "idna (==2.10)", "imagesize (==1.2.0)", "mock (==1.0.1)", "packaging (==20.9)", "pyparsing (==2.4.7)", "pytz (==2021.1)", "readthedocs-sphinx-ext (==2.1.4)", "recommonmark (==0.5.0)", "requests (==2.25.1)", "six (==1.15.0)", "snowballstemmer (==2.1.0)", "sphinx (==1.8.5)", "sphinx-rtd-theme (==0.4.3)", "sphinxcontrib-serializinghtml (==1.1.4)", "sphinxcontrib-websupport (==1.2.4)", "urllib3 (==1.26.4)"]
qa = ["flake8 (==5.0.4)", "mypy (==0.971)", "types-setuptools (==67.2.0.1)"]
testing = ["Django", "attrs", "colorama", "docopt", "pytest (<7.0.0)"]

[[package]]
name = "matplotlib-inline"
version = "0.1.7"
description = "Inline Matplotlib backend for Jupyter"
optional = false
python-versions = ">=3.8"
files = [
    {file = "matplotlib_inline-0.1.7-py3-none-any.whl", hash = "sha256:df192d39a4ff8f21b1895d72e6a13f5fcc5099f00fa84384e0ea28c2cc0653ca"},
    {file = "matplotlib_inline-0.1.7.tar.gz", hash = "sha256:8423b23ec666be3d16e16b60bdd8ac4e86e840ebd1dd11a30b9f117f2fa0ab90"},
]

[package.dependencies]
traitlets = "*"

[[package]]
name = "openpyxl"
version = "3.1.5"
description = "A Python library to read/write Excel 2010 xlsx/xlsm files"
optional = false
python-versions = ">=3.8"
files = [
    {file = "openpyxl-3.1.5-py2.py3-none-any.whl", hash = "sha256:5282c12b107bffeef825f4617dc029afaf41d0ea60823bbb665ef3079dc79de2"},
    {file = "openpyxl-3.1.5.tar.gz", hash = "sha256:cf0e3cf56142039133628b5acffe8ef0c12bc902d2aadd3e0fe5878dc08d1050"},
]

[package.dependencies]
et-xmlfile = "*"

[[package]]
name = "parso"
version = "0.8.4"
description = "A Python Parser"
optional = false
python-versions = ">=3.6"
files = [
    {file = "parso-0.8.4-py2.py3-none-any.whl", hash = "sha256:a418670a20291dacd2dddc80c377c5c3791378ee1e8d12bffc35420643d43f18"},
    {file = "parso-0.8.4.tar.gz", hash = "sha256:eb3a7b58240fb99099a345571deecc0f9540ea5f4dd2fe14c2a99d6b281ab92d"},
]

[package.extras]
qa = ["flake8 (==5.0.4)", "mypy (==0.971)", "types-setuptools (==67.2.0.1)"]
testing = ["docopt", "pytest"]

[[package]]
name = "pexpect"
version = "4.9.0"
description = "Pexpect allows easy control of interactive console applications."
optional = false
python-versions = "*"
files = [
    {file = "pexpect-4.9.0-py2.py3-none-any.whl", hash = "sha256:7236d1e080e4936be2dc3e326cec0af72acf9212a7e1d060210e70a47e253523"},
    {file = "pexpect-4.9.0.tar.gz", hash = "sha256:ee7d41123f3c9911050ea2c2dac107568dc43b2d3b0c7557a33212c398ead30f"},
]

[package.dependencies]
ptyprocess = ">=0.5"

[[package]]
name = "prompt-toolkit"
version = "3.0.47"
description = "Library for building powerful interactive command lines in Python"
optional = false
python-versions = ">=3.7.0"
files = [
    {file = "prompt_toolkit-3.0.47-py3-none-any.whl", hash = "sha256:0d7bfa67001d5e39d02c224b663abc33687405033a8c422d0d675a5a13361d10"},
    {file = "prompt_toolkit-3.0.47.tar.gz", hash = "sha256:1e1b29cb58080b1e69f207c893a1a7bf16d127a5c30c9d17a25a5d77792e5360"},
]

[package.dependencies]
wcwidth = "*"

[[package]]
name = "ptyprocess"
version = "0.7.0"
description = "Run a subprocess in a pseudo terminal"
optional = false
python-versions = "*"
files = [
    {file = "ptyprocess-0.7.0-py2.py3-none-any.whl", hash = "sha256:4b41f3967fce3af57cc7e94b888626c18bf37a083e3651ca8feeb66d492fef35"},
    {file = "ptyprocess-0.7.0.tar.gz", hash = "sha256:5c5d0a3b48ceee0b48485e0c26037c0acd7d29765ca3fbb5cb3831d347423220"},
]

[[package]]
name = "pure-eval"
version = "0.2.3"
description = "Safely evaluate AST nodes without side effects"
optional = false
python-versions = "*"
files = [
    {file = "pure_eval-0.2.3-py3-none-any.whl", hash = "sha256:1db8e35b67b3d218d818ae653e27f06c3aa420901fa7b081ca98cbedc874e0d0"},
    {file = "pure_eval-0.2.3.tar.gz", hash = "sha256:5f4e983f40564c576c7c8635ae88db5956bb2229d7e9237d03b3c0b0190eaf42"},
]

[package.extras]
tests = ["pytest"]

[[package]]
name = "pyaes"
version = "1.6.1"
description = "Pure-Python Implementation of the AES block-cipher and common modes of operation"
optional = false
python-versions = "*"
files = [
    {file = "pyaes-1.6.1.tar.gz", hash = "sha256:02c1b1405c38d3c370b085fb952dd8bea3fadcee6411ad99f312cc129c536d8f"},
]

[[package]]
name = "pygments"
version = "2.18.0"
description = "Pygments is a syntax highlighting package written in Python."
optional = false
python-versions = ">=3.8"
files = [
    {file = "pygments-2.18.0-py3-none-any.whl", hash = "sha256:b8e6aca0523f3ab76fee51799c488e38782ac06eafcf95e7ba832985c8e7b13a"},
    {file = "pygments-2.18.0.tar.gz", hash = "sha256:786ff802f32e91311bff3889f6e9a86e81505fe99f2735bb6d60ae0c5004f199"},
]

[package.extras]
windows-terminal = ["colorama (>=0.4.6)"]

[[package]]
name = "pyrogram"
version = "2.0.106"
description = "Elegant, modern and asynchronous Telegram MTProto API framework in Python for users and bots"
optional = false
python-versions = "~=3.7"
files = [
    {file = "Pyrogram-2.0.106-py3-none-any.whl", hash = "sha256:32b62b3d93030b1080cbe45b88c0e8790cf4e2179cf3321ede810d48edf97bc7"},
    {file = "Pyrogram-2.0.106.tar.gz", hash = "sha256:30202995758fcb6e0f91224704ab7fedefea454297724bd70a6a71a23748c16f"},
]

[package.dependencies]
pyaes = "1.6.1"
pysocks = "1.7.1"

[[package]]
name = "pysocks"
version = "1.7.1"
description = "A Python SOCKS client module. See https://github.com/Anorov/PySocks for more information."
optional = false
python-versions = ">=2.7, !=3.0.*, !=3.1.*, !=3.2.*, !=3.3.*"
files = [
    {file = "PySocks-1.7.1-py27-none-any.whl", hash = "sha256:08e69f092cc6dbe92a0fdd16eeb9b9ffbc13cadfe5ca4c7bd92ffb078b293299"},
    {file = "PySocks-1.7.1-py3-none-any.whl", hash = "sha256:2725bd0a9925919b9b51739eea5f9e2bae91e83288108a9ad338b2e3a4435ee5"},
    {file = "PySocks-1.7.1.tar.gz", hash = "sha256:3f8804571ebe159c380ac6de37643bb4685970655d3bba243530d6558b799aa0"},
]

[[package]]
name = "python-dotenv"
version = "1.0.1"
description = "Read key-value pairs from a .env file and set them as environment variables"
optional = false
python-versions = ">=3.8"
files = [
    {file = "python-dotenv-1.0.1.tar.gz", hash = "sha256:e324ee90a023d808f1959c46bcbc04446a10ced277783dc6ee09987c37ec10ca"},
    {file = "python_dotenv-1.0.1-py3-none-any.whl", hash = "sha256:f7b63ef50f1b690dddf550d03497b66d609393b40b564ed0d674909a68ebf16a"},
]

[package.extras]
cli = ["click (>=5.0)"]

[[package]]
name = "pytz"
version = "2024.1"
description = "World timezone definitions, modern and historical"
optional = false
python-versions = "*"
files = [
    {file = "pytz-2024.1-py2.py3-none-any.whl", hash = "sha256:328171f4e3623139da4983451950b28e95ac706e13f3f2630a879749e7a8b319"},
    {file = "pytz-2024.1.tar.gz", hash = "sha256:2a29735ea9c18baf14b448846bde5a48030ed267578472d8955cd0e7443a9812"},
]

[[package]]
name = "six"
version = "1.16.0"
description = "Python 2 and 3 compatibility utilities"
optional = false
python-versions = ">=2.7, !=3.0.*, !=3.1.*, !=3.2.*"
files = [
    {file = "six-1.16.0-py2.py3-none-any.whl", hash = "sha256:8abb2f1d86890a2dfb989f9a77cfcfd3e47c2a354b01111771326f8aa26e0254"},
    {file = "six-1.16.0.tar.gz", hash = "sha256:1e61c37477a1626458e36f7b1d82aa5c9b094fa4802892072e49de9c60c4c926"},
]

[[package]]
name = "stack-data"
version = "0.6.3"
description = "Extract data from python stack frames and tracebacks for informative displays"
optional = false
python-versions = "*"
files = [
    {file = "stack_data-0.6.3-py3-none-any.whl", hash = "sha256:d5558e0c25a4cb0853cddad3d77da9891a08cb85dd9f9f91b9f8cd66e511e695"},
    {file = "stack_data-0.6.3.tar.gz", hash = "sha256:836a778de4fec4dcd1dcd89ed8abff8a221f58308462e1c4aa2a3cf30148f0b9"},
]

[package.dependencies]
asttokens = ">=2.1.0"
executing = ">=1.2.0"
pure-eval = "*"

[package.extras]
tests = ["cython", "littleutils", "pygments", "pytest", "typeguard"]

[[package]]
name = "tgcrypto"
version = "1.2.5"
description = "Fast and Portable Cryptography Extension Library for Pyrogram"
optional = false
python-versions = "~=3.7"
files = [
    {file = "TgCrypto-1.2.5-cp310-cp310-macosx_10_9_universal2.whl", hash = "sha256:4507102377002966f35f2481830b7529e00c9bbff8c7d1e09634f984af801675"},
    {file = "TgCrypto-1.2.5-cp310-cp310-macosx_10_9_x86_64.whl", hash = "sha256:38fe25c0d79b41d7a89caba2a78dea0358e17ca73b033cefd16abed680685829"},
    {file = "TgCrypto-1.2.5-cp310-cp310-macosx_11_0_arm64.whl", hash = "sha256:c035bf8ef89846f67e77e82ea85c089b6ea30631b32e8ac1a6511b9be52ab065"},
    {file = "TgCrypto-1.2.5-cp310-cp310-manylinux_2_17_x86_64.manylinux2014_x86_64.whl", hash = "sha256:f594e2680daf20dbac6bf56862f567ddc3cc8d6a19757ed07faa8320ff7acee4"},
    {file = "TgCrypto-1.2.5-cp310-cp310-manylinux_2_5_i686.manylinux1_i686.manylinux_2_17_i686.manylinux2014_i686.whl", hash = "sha256:8723a16076e229ffdf537fdb5e638227d10f44ca43e6939db1eab524de6eaed7"},
    {file = "TgCrypto-1.2.5-cp310-cp310-musllinux_1_1_i686.whl", hash = "sha256:c1c8d974b8b2d7132364b6f0f6712b92bfe47ab9c5dcee25c70327ff68d22d95"},
    {file = "TgCrypto-1.2.5-cp310-cp310-musllinux_1_1_x86_64.whl", hash = "sha256:89d9c143a1fcdb2562a4aa887152abbe9253e1979d7bebef2b489148e0bbe086"},
    {file = "TgCrypto-1.2.5-cp310-cp310-win32.whl", hash = "sha256:aa4bc1d11d4a90811c162abd45a5981f171679d1b5bd0322cd7ccd16447366a2"},
    {file = "TgCrypto-1.2.5-cp310-cp310-win_amd64.whl", hash = "sha256:39145103614c5e38fe938549742d355920f4a0778fa8259eb69c0c85ba4b1d28"},
    {file = "TgCrypto-1.2.5-cp311-cp311-macosx_10_9_universal2.whl", hash = "sha256:59597cdb1c87eb1184088563d20b42a8f2e431e9334fed64926079044ad2a4af"},
    {file = "TgCrypto-1.2.5-cp311-cp311-macosx_10_9_x86_64.whl", hash = "sha256:1283337ae75b02406dd700377b8b783e70033b548492517df6e6c4156b0ed69c"},
    {file = "TgCrypto-1.2.5-cp311-cp311-macosx_11_0_arm64.whl", hash = "sha256:1735437df0023a40e5fdd95e6b09ce806ec8f2cd2f8879023818840dfae60cab"},
    {file = "TgCrypto-1.2.5-cp311-cp311-manylinux_2_17_x86_64.manylinux2014_x86_64.whl", hash = "sha256:cfa17a20206532c6d2442c9d7a7f6434120bd75896ad9a3e9b9277477afa084f"},
    {file = "TgCrypto-1.2.5-cp311-cp311-manylinux_2_5_i686.manylinux1_i686.manylinux_2_17_i686.manylinux2014_i686.whl", hash = "sha256:48da3674474839e5619e7430ff1f98aed9f55369f3cfaef7f65511852869572e"},
    {file = "TgCrypto-1.2.5-cp311-cp311-musllinux_1_1_i686.whl", hash = "sha256:b49e982e5b156be821a5235bd9102c00dc506a58607e2c8bd50ac872724a951f"},
    {file = "TgCrypto-1.2.5-cp311-cp311-musllinux_1_1_x86_64.whl", hash = "sha256:9d9f13586065a6d86d05c16409054033a84be208acee29b49f6f194e27b08642"},
    {file = "TgCrypto-1.2.5-cp311-cp311-win32.whl", hash = "sha256:10dd3870aecb1a783c6eafd3b164b2149dbc93a9ee13feb7e6f5c58f87c24cd0"},
    {file = "TgCrypto-1.2.5-cp311-cp311-win_amd64.whl", hash = "sha256:a1beec47d6af8b509af7cf266e30f7703208076076594714005b42d2c25225b3"},
    {file = "TgCrypto-1.2.5-cp37-cp37m-macosx_10_9_x86_64.whl", hash = "sha256:c133ddc95ae9c6cd6ad742c4b8c30191214db8dc724268bee59a339e22b2028b"},
    {file = "TgCrypto-1.2.5-cp37-cp37m-manylinux_2_17_x86_64.manylinux2014_x86_64.whl", hash = "sha256:7f6537f6af3d80be67bd2625a0990ee88c6ae58d33bdb88d99591bd6e97ee7a0"},
    {file = "TgCrypto-1.2.5-cp37-cp37m-manylinux_2_5_i686.manylinux1_i686.manylinux_2_17_i686.manylinux2014_i686.whl", hash = "sha256:bdebbd9cffd10c42a2f60886dcab0272ddd38330d0cf7ccf026230b826573f59"},
    {file = "TgCrypto-1.2.5-cp37-cp37m-musllinux_1_1_i686.whl", hash = "sha256:45683659ec6475ee8ff60e12167ec19aacfd7527decafe446434fa1a7e6760a7"},
    {file = "TgCrypto-1.2.5-cp37-cp37m-musllinux_1_1_x86_64.whl", hash = "sha256:eafad246fd9aa63ff709a6e8c905c24fd7520ef96e33a2c3e1ccdb4fb2b2f331"},
    {file = "TgCrypto-1.2.5-cp37-cp37m-win32.whl", hash = "sha256:1445217d22101946d38ee7d628cdb3de92db4eb130183a22030c07d7888f21b0"},
    {file = "TgCrypto-1.2.5-cp37-cp37m-win_amd64.whl", hash = "sha256:b7e8402fe4023dc9666c0bc1b30fcf0d98a294e48d35f311a3eadfe105af04d4"},
    {file = "TgCrypto-1.2.5-cp38-cp38-macosx_10_9_universal2.whl", hash = "sha256:56e1ec34e75fa2e3dcf7f74f1017d8e16c1eb8a8e031eaaa06c57f836e0d3bcc"},
    {file = "TgCrypto-1.2.5-cp38-cp38-macosx_10_9_x86_64.whl", hash = "sha256:ca8814d6cc412775a43a021fce2d23e83a5336e9e9f38d0998d821cdf55c1d50"},
    {file = "TgCrypto-1.2.5-cp38-cp38-macosx_11_0_arm64.whl", hash = "sha256:bb82e53f20ce5653573832f3c05fa525cc1769bdd685408b19f26d82d5e9001b"},
    {file = "TgCrypto-1.2.5-cp38-cp38-manylinux_2_17_x86_64.manylinux2014_x86_64.whl", hash = "sha256:0133936eac63cc9529b497d759b7d0ca21e491bb42481b40b603ee63bb8c10b7"},
    {file = "TgCrypto-1.2.5-cp38-cp38-manylinux_2_5_i686.manylinux1_i686.manylinux_2_17_i686.manylinux2014_i686.whl", hash = "sha256:76fe0a3ad838dcf300ac88233cbffc2ad63478eb0ae9fa671694e184d88ec1cd"},
    {file = "TgCrypto-1.2.5-cp38-cp38-musllinux_1_1_i686.whl", hash = "sha256:7070c6e063befb6d04eab46e8b1ffbee47a497971be11496d23837fc007e7685"},
    {file = "TgCrypto-1.2.5-cp38-cp38-musllinux_1_1_x86_64.whl", hash = "sha256:ed53d0c4a5e6f75d4b1cab17535afe210cd3120fb88f44a8c4562d43c2a3bb16"},
    {file = "TgCrypto-1.2.5-cp38-cp38-win32.whl", hash = "sha256:f7ec9f0a571fcc38fbee224943ed9918123f752ac19bae5c195d8322f5b20fab"},
    {file = "TgCrypto-1.2.5-cp38-cp38-win_amd64.whl", hash = "sha256:362ab28fc75e6b066e5bb15fb5296f75f4238d6c1cbcaaa1e5756cd5c168b74b"},
    {file = "TgCrypto-1.2.5-cp39-cp39-macosx_10_9_universal2.whl", hash = "sha256:7885a75db09ce8bdba42d2c332085bfe314f232541a729808c7507ffa261ff9a"},
    {file = "TgCrypto-1.2.5-cp39-cp39-macosx_10_9_x86_64.whl", hash = "sha256:0d28aa317364a5c27317fe97a48267aa1c65c9aaf589909e97489ebe82a714e3"},
    {file = "TgCrypto-1.2.5-cp39-cp39-macosx_11_0_arm64.whl", hash = "sha256:940974e19044dc65bcf7b9c5255173b896dff010142f3833047dc55d59cde21c"},
    {file = "TgCrypto-1.2.5-cp39-cp39-manylinux_2_17_x86_64.manylinux2014_x86_64.whl", hash = "sha256:457c657dd10ffb4bbbb007132a0f6a7bee5080176a98c51f285fedf636b624cb"},
    {file = "TgCrypto-1.2.5-cp39-cp39-manylinux_2_5_i686.manylinux1_i686.manylinux_2_17_i686.manylinux2014_i686.whl", hash = "sha256:539bdc6b9239fb6a6b134591a998dc7f50d4dcc4fed861f80540682acc0c3802"},
    {file = "TgCrypto-1.2.5-cp39-cp39-musllinux_1_1_i686.whl", hash = "sha256:4d70d5517d64ca952896b726d22c8a66594e6f6259ee2cb4fa134c02d0e8c3e0"},
    {file = "TgCrypto-1.2.5-cp39-cp39-musllinux_1_1_x86_64.whl", hash = "sha256:90b6337d3ae4348ed14f89dd2ebf7011fa63d67a48c8a98d955a1e392176c60a"},
    {file = "TgCrypto-1.2.5-cp39-cp39-win32.whl", hash = "sha256:37c4b9be82716fbc6d2b123caef448eee28683888803db075d842327766f7624"},
    {file = "TgCrypto-1.2.5-cp39-cp39-win_amd64.whl", hash = "sha256:6e96b3a478fae977228c5750194c20a18cde402bbbea6593de424f84d4a8893b"},
    {file = "TgCrypto-1.2.5-pp37-pypy37_pp73-macosx_10_9_x86_64.whl", hash = "sha256:4d93686e6254eb0a32a0a60e849b41a867a2770b27b48f978fd391dce2b83aeb"},
    {file = "TgCrypto-1.2.5-pp37-pypy37_pp73-manylinux_2_17_x86_64.manylinux2014_x86_64.whl", hash = "sha256:7b7fe81fad7c64479c83f31fc10e79fb20a114bca414e5e17f5e0c8b363153f8"},
    {file = "TgCrypto-1.2.5-pp37-pypy37_pp73-manylinux_2_5_i686.manylinux1_i686.manylinux_2_17_i686.manylinux2014_i686.whl", hash = "sha256:ace308f5842a0d6c04fc1ae92cb4320b4b13bfc711031c1c18d9124697685ba0"},
    {file = "TgCrypto-1.2.5-pp37-pypy37_pp73-win_amd64.whl", hash = "sha256:36a570ecd12a428222b10ea8b5a8e0d83ea8750e4de1d5ea53d068b84341b450"},
    {file = "TgCrypto-1.2.5-pp38-pypy38_pp73-macosx_10_9_x86_64.whl", hash = "sha256:ba9e067fd9751b3bbd7c979210431000e44f70001d921237e9c4672bf30f07bc"},
    {file = "TgCrypto-1.2.5-pp38-pypy38_pp73-manylinux_2_17_x86_64.manylinux2014_x86_64.whl", hash = "sha256:80e2414f1a95087d7e46fb54cb387df66424c4ec156fb1a8d8e1d4aa38eb65cf"},
    {file = "TgCrypto-1.2.5-pp38-pypy38_pp73-manylinux_2_5_i686.manylinux1_i686.manylinux_2_17_i686.manylinux2014_i686.whl", hash = "sha256:66c5b5bf701b5efc3e4c5d83439d767a3dd48f17a1d840eda6b4d1918844a8f9"},
    {file = "TgCrypto-1.2.5-pp38-pypy38_pp73-win_amd64.whl", hash = "sha256:5d27d6c414eb4775022b05fdd571090bfd92854115e86184ac1832060fbaa510"},
    {file = "TgCrypto-1.2.5-pp39-pypy39_pp73-macosx_10_9_x86_64.whl", hash = "sha256:9b0a088ff2e05b6bbe891da936f62b99bd85202b2b9f4f57f71a408490dd518c"},
    {file = "TgCrypto-1.2.5-pp39-pypy39_pp73-manylinux_2_17_x86_64.manylinux2014_x86_64.whl", hash = "sha256:f245895c7d518342089d15b5dca3cee9ffa5a0f3534db9d5a930f6a27dff4adf"},
    {file = "TgCrypto-1.2.5-pp39-pypy39_pp73-manylinux_2_5_i686.manylinux1_i686.manylinux_2_17_i686.manylinux2014_i686.whl", hash = "sha256:7dbf607d645c39a577a0f8571039d11ddd2dcdf9656465be75f9e0f540472444"},
    {file = "TgCrypto-1.2.5-pp39-pypy39_pp73-win_amd64.whl", hash = "sha256:d6b0c2dc84e632ce7b3d0b767cfe20967e557ad7d71ea5dbd7df2dd544323181"},
    {file = "TgCrypto-1.2.5.tar.gz", hash = "sha256:9bc2cac6fb9a12ef5b08f3dd500174fe374d89b660cce981f57e3138559cb682"},
]

[[package]]
name = "tomli"
version = "2.0.1"
description = "A lil' TOML parser"
optional = false
python-versions = ">=3.7"
files = [
    {file = "tomli-2.0.1-py3-none-any.whl", hash = "sha256:939de3e7a6161af0c887ef91b7d41a53e7c5a1ca976325f429cb46ea9bc30ecc"},
    {file = "tomli-2.0.1.tar.gz", hash = "sha256:de526c12914f0c550d15924c62d72abc48d6fe7364aa87328337a31007fe8a4f"},
]

[[package]]
name = "traitlets"
version = "5.14.3"
description = "Traitlets Python configuration system"
optional = false
python-versions = ">=3.8"
files = [
    {file = "traitlets-5.14.3-py3-none-any.whl", hash = "sha256:b74e89e397b1ed28cc831db7aea759ba6640cb3de13090ca145426688ff1ac4f"},
    {file = "traitlets-5.14.3.tar.gz", hash = "sha256:9ed0579d3502c94b4b3732ac120375cda96f923114522847de4b3bb98b96b6b7"},
]

[package.extras]
docs = ["myst-parser", "pydata-sphinx-theme", "sphinx"]
test = ["argcomplete (>=3.0.3)", "mypy (>=1.7.0)", "pre-commit", "pytest (>=7.0,<8.2)", "pytest-mock", "pytest-mypy-testing"]

[[package]]
name = "typing-extensions"
version = "4.12.2"
description = "Backported and Experimental Type Hints for Python 3.8+"
optional = false
python-versions = ">=3.8"
files = [
    {file = "typing_extensions-4.12.2-py3-none-any.whl", hash = "sha256:04e5ca0351e0f3f85c6853954072df659d0d13fac324d0072316b67d7794700d"},
    {file = "typing_extensions-4.12.2.tar.gz", hash = "sha256:1a7ead55c7e559dd4dee8856e3a88b41225abfe1ce8df57b7c13915fe121ffb8"},
]

[[package]]
name = "uvloop"
version = "0.20.0"
description = "Fast implementation of asyncio event loop on top of libuv"
optional = false
python-versions = ">=3.8.0"
files = [
    {file = "uvloop-0.20.0-cp310-cp310-macosx_10_9_universal2.whl", hash = "sha256:9ebafa0b96c62881d5cafa02d9da2e44c23f9f0cd829f3a32a6aff771449c996"},
    {file = "uvloop-0.20.0-cp310-cp310-macosx_10_9_x86_64.whl", hash = "sha256:35968fc697b0527a06e134999eef859b4034b37aebca537daeb598b9d45a137b"},
    {file = "uvloop-0.20.0-cp310-cp310-manylinux_2_17_aarch64.manylinux2014_aarch64.whl", hash = "sha256:b16696f10e59d7580979b420eedf6650010a4a9c3bd8113f24a103dfdb770b10"},
    {file = "uvloop-0.20.0-cp310-cp310-manylinux_2_17_x86_64.manylinux2014_x86_64.whl", hash = "sha256:9b04d96188d365151d1af41fa2d23257b674e7ead68cfd61c725a422764062ae"},
    {file = "uvloop-0.20.0-cp310-cp310-musllinux_1_1_aarch64.whl", hash = "sha256:94707205efbe809dfa3a0d09c08bef1352f5d3d6612a506f10a319933757c006"},
    {file = "uvloop-0.20.0-cp310-cp310-musllinux_1_1_x86_64.whl", hash = "sha256:89e8d33bb88d7263f74dc57d69f0063e06b5a5ce50bb9a6b32f5fcbe655f9e73"},
    {file = "uvloop-0.20.0-cp311-cp311-macosx_10_9_universal2.whl", hash = "sha256:e50289c101495e0d1bb0bfcb4a60adde56e32f4449a67216a1ab2750aa84f037"},
    {file = "uvloop-0.20.0-cp311-cp311-macosx_10_9_x86_64.whl", hash = "sha256:e237f9c1e8a00e7d9ddaa288e535dc337a39bcbf679f290aee9d26df9e72bce9"},
    {file = "uvloop-0.20.0-cp311-cp311-manylinux_2_17_aarch64.manylinux2014_aarch64.whl", hash = "sha256:746242cd703dc2b37f9d8b9f173749c15e9a918ddb021575a0205ec29a38d31e"},
    {file = "uvloop-0.20.0-cp311-cp311-manylinux_2_17_x86_64.manylinux2014_x86_64.whl", hash = "sha256:82edbfd3df39fb3d108fc079ebc461330f7c2e33dbd002d146bf7c445ba6e756"},
    {file = "uvloop-0.20.0-cp311-cp311-musllinux_1_1_aarch64.whl", hash = "sha256:80dc1b139516be2077b3e57ce1cb65bfed09149e1d175e0478e7a987863b68f0"},
    {file = "uvloop-0.20.0-cp311-cp311-musllinux_1_1_x86_64.whl", hash = "sha256:4f44af67bf39af25db4c1ac27e82e9665717f9c26af2369c404be865c8818dcf"},
    {file = "uvloop-0.20.0-cp312-cp312-macosx_10_9_universal2.whl", hash = "sha256:4b75f2950ddb6feed85336412b9a0c310a2edbcf4cf931aa5cfe29034829676d"},
    {file = "uvloop-0.20.0-cp312-cp312-macosx_10_9_x86_64.whl", hash = "sha256:77fbc69c287596880ecec2d4c7a62346bef08b6209749bf6ce8c22bbaca0239e"},
    {file = "uvloop-0.20.0-cp312-cp312-manylinux_2_17_aarch64.manylinux2014_aarch64.whl", hash = "sha256:6462c95f48e2d8d4c993a2950cd3d31ab061864d1c226bbf0ee2f1a8f36674b9"},
    {file = "uvloop-0.20.0-cp312-cp312-manylinux_2_17_x86_64.manylinux2014_x86_64.whl", hash = "sha256:649c33034979273fa71aa25d0fe120ad1777c551d8c4cd2c0c9851d88fcb13ab"},
    {file = "uvloop-0.20.0-cp312-cp312-musllinux_1_1_aarch64.whl", hash = "sha256:3a609780e942d43a275a617c0839d85f95c334bad29c4c0918252085113285b5"},
    {file = "uvloop-0.20.0-cp312-cp312-musllinux_1_1_x86_64.whl", hash = "sha256:aea15c78e0d9ad6555ed201344ae36db5c63d428818b4b2a42842b3870127c00"},
    {file = "uvloop-0.20.0-cp38-cp38-macosx_10_9_universal2.whl", hash = "sha256:f0e94b221295b5e69de57a1bd4aeb0b3a29f61be6e1b478bb8a69a73377db7ba"},
    {file = "uvloop-0.20.0-cp38-cp38-macosx_10_9_x86_64.whl", hash = "sha256:fee6044b64c965c425b65a4e17719953b96e065c5b7e09b599ff332bb2744bdf"},
    {file = "uvloop-0.20.0-cp38-cp38-manylinux_2_17_aarch64.manylinux2014_aarch64.whl", hash = "sha256:265a99a2ff41a0fd56c19c3838b29bf54d1d177964c300dad388b27e84fd7847"},
    {file = "uvloop-0.20.0-cp38-cp38-manylinux_2_17_x86_64.manylinux2014_x86_64.whl", hash = "sha256:b10c2956efcecb981bf9cfb8184d27d5d64b9033f917115a960b83f11bfa0d6b"},
    {file = "uvloop-0.20.0-cp38-cp38-musllinux_1_1_aarch64.whl", hash = "sha256:e7d61fe8e8d9335fac1bf8d5d82820b4808dd7a43020c149b63a1ada953d48a6"},
    {file = "uvloop-0.20.0-cp38-cp38-musllinux_1_1_x86_64.whl", hash = "sha256:2beee18efd33fa6fdb0976e18475a4042cd31c7433c866e8a09ab604c7c22ff2"},
    {file = "uvloop-0.20.0-cp39-cp39-macosx_10_9_universal2.whl", hash = "sha256:d8c36fdf3e02cec92aed2d44f63565ad1522a499c654f07935c8f9d04db69e95"},
    {file = "uvloop-0.20.0-cp39-cp39-macosx_10_9_x86_64.whl", hash = "sha256:a0fac7be202596c7126146660725157d4813aa29a4cc990fe51346f75ff8fde7"},
    {file = "uvloop-0.20.0-cp39-cp39-manylinux_2_17_aarch64.manylinux2014_aarch64.whl", hash = "sha256:9d0fba61846f294bce41eb44d60d58136090ea2b5b99efd21cbdf4e21927c56a"},
    {file = "uvloop-0.20.0-cp39-cp39-manylinux_2_17_x86_64.manylinux2014_x86_64.whl", hash = "sha256:95720bae002ac357202e0d866128eb1ac82545bcf0b549b9abe91b5178d9b541"},
    {file = "uvloop-0.20.0-cp39-cp39-musllinux_1_1_aarch64.whl", hash = "sha256:36c530d8fa03bfa7085af54a48f2ca16ab74df3ec7108a46ba82fd8b411a2315"},
    {file = "uvloop-0.20.0-cp39-cp39-musllinux_1_1_x86_64.whl", hash = "sha256:e97152983442b499d7a71e44f29baa75b3b02e65d9c44ba53b10338e98dedb66"},
    {file = "uvloop-0.20.0.tar.gz", hash = "sha256:4603ca714a754fc8d9b197e325db25b2ea045385e8a3ad05d3463de725fdf469"},
]

[package.extras]
docs = ["Sphinx (>=4.1.2,<4.2.0)", "sphinx-rtd-theme (>=0.5.2,<0.6.0)", "sphinxcontrib-asyncio (>=0.3.0,<0.4.0)"]
test = ["Cython (>=0.29.36,<0.30.0)", "aiohttp (==3.9.0b0)", "aiohttp (>=3.8.1)", "flake8 (>=5.0,<6.0)", "mypy (>=0.800)", "psutil", "pyOpenSSL (>=23.0.0,<23.1.0)", "pycodestyle (>=2.9.0,<2.10.0)"]

[[package]]
name = "wcwidth"
version = "0.2.13"
description = "Measures the displayed width of unicode strings in a terminal"
optional = false
python-versions = "*"
files = [
    {file = "wcwidth-0.2.13-py2.py3-none-any.whl", hash = "sha256:3da69048e4540d84af32131829ff948f1e022c1c6bdb8d6102117aac784f6859"},
    {file = "wcwidth-0.2.13.tar.gz", hash = "sha256:72ea0c06399eb286d978fdedb6923a9eb47e1c486ce63e9b4e64fc18303972b5"},
]

[metadata]
lock-version = "2.0"
python-versions = "^3.10"
content-hash = "7fa96fec71eae73c9685916ffaeebefe50a57b5fb2265b20919ddd5944346d62"
